
Microsoft Visual Studio Solution File, Format Version 12.00
# Visual Studio Version 17
VisualStudioVersion = 17.0.31903.59
MinimumVisualStudioVersion = 10.0.40219.1
Project("{FAE04EC0-301F-11D3-BF4B-00C04F79EFBC}") = "JWT.WebAPI", "JWT.WebAPI\JWT.WebAPI.csproj", "{5123FC70-E618-440E-BD4A-2019499628D5}"
EndProject
Project("{FAE04EC0-301F-11D3-BF4B-00C04F79EFBC}") = "JWT.DataAccess.MSSQL", "JWT.DataAccess.MSSQL\JWT.DataAccess.MSSQL.csproj", "{5B506175-DFBF-4A3D-8833-3D3358D4478D}"
EndProject
Global
	GlobalSection(SolutionConfigurationPlatforms) = preSolution
		Debug|Any CPU = Debug|Any CPU
		Release|Any CPU = Release|Any CPU
	EndGlobalSection
	GlobalSection(ProjectConfigurationPlatforms) = postSolution
		{5123FC70-E618-440E-BD4A-2019499628D5}.Debug|Any CPU.ActiveCfg = Debug|Any CPU
		{5123FC70-E618-440E-BD4A-2019499628D5}.Debug|Any CPU.Build.0 = Debug|Any CPU
		{5123FC70-E618-440E-BD4A-2019499628D5}.Release|Any CPU.ActiveCfg = Release|Any CPU
		{5123FC70-E618-440E-BD4A-2019499628D5}.Release|Any CPU.Build.0 = Release|Any CPU
		{5B506175-DFBF-4A3D-8833-3D3358D4478D}.Debug|Any CPU.ActiveCfg = Debug|Any CPU
		{5B506175-DFBF-4A3D-8833-3D3358D4478D}.Debug|Any CPU.Build.0 = Debug|Any CPU
		{5B506175-DFBF-4A3D-8833-3D3358D4478D}.Release|Any CPU.ActiveCfg = Release|Any CPU
		{5B506175-DFBF-4A3D-8833-3D3358D4478D}.Release|Any CPU.Build.0 = Release|Any CPU
	EndGlobalSection
	GlobalSection(SolutionProperties) = preSolution
		HideSolutionNode = FALSE
	EndGlobalSection
	GlobalSection(ExtensibilityGlobals) = postSolution
		SolutionGuid = {BA47B949-B531-4557-ADEA-F150780C6A9D}
	EndGlobalSection
EndGlobal
